
Microsoft Visual Studio Solution File, Format Version 12.00
# Visual Studio Version 16
VisualStudioVersion = 16.0.29424.173
MinimumVisualStudioVersion = 10.0.40219.1
Project("{FAE04EC0-301F-11D3-BF4B-00C04F79EFBC}") = "WpfWeather", "WpfWeather.csproj", "{BD461FA6-37F3-4F12-80AE-31B966C59C28}"
EndProject
Global
	GlobalSection(SolutionConfigurationPlatforms) = preSolution
		Debug|Any CPU = Debug|Any CPU
		Release|Any CPU = Release|Any CPU
	EndGlobalSection
	GlobalSection(ProjectConfigurationPlatforms) = postSolution
		{BD461FA6-37F3-4F12-80AE-31B966C59C28}.Debug|Any CPU.ActiveCfg = Debug|Any CPU
		{BD461FA6-37F3-4F12-80AE-31B966C59C28}.Debug|Any CPU.Build.0 = Debug|Any CPU
		{BD461FA6-37F3-4F12-80AE-31B966C59C28}.Release|Any CPU.ActiveCfg = Release|Any CPU
		{BD461FA6-37F3-4F12-80AE-31B966C59C28}.Release|Any CPU.Build.0 = Release|Any CPU
	EndGlobalSection
	GlobalSection(SolutionProperties) = preSolution
		HideSolutionNode = FALSE
	EndGlobalSection
	GlobalSection(ExtensibilityGlobals) = postSolution
		SolutionGuid = {F305E524-B5C9-46D0-A83F-7D3AE961E574}
	EndGlobalSection
EndGlobal
